// !$*UTF8*$!
{
	archiveVersion = 1;
	classes = {
	};
	objectVersion = 56;
	objects = {

/* Begin PBXBuildFile section */
		EB74D90A2C4342B300FBA58A /* SetCardGameApp.swift in Sources */ = {isa = PBXBuildFile; fileRef = EB74D9092C4342B300FBA58A /* SetCardGameApp.swift */; };
		EB74D90C2C4342B300FBA58A /* SetCardGameView.swift in Sources */ = {isa = PBXBuildFile; fileRef = EB74D90B2C4342B300FBA58A /* SetCardGameView.swift */; };
		EB74D90E2C4342B400FBA58A /* Assets.xcassets in Resources */ = {isa = PBXBuildFile; fileRef = EB74D90D2C4342B400FBA58A /* Assets.xcassets */; };
		EB74D9112C4342B400FBA58A /* Preview Assets.xcassets in Resources */ = {isa = PBXBuildFile; fileRef = EB74D9102C4342B400FBA58A /* Preview Assets.xcassets */; };
		EB74D91D2C434D5600FBA58A /* CardView.swift in Sources */ = {isa = PBXBuildFile; fileRef = EB74D91C2C434D5600FBA58A /* CardView.swift */; };
		EB74D9212C43522D00FBA58A /* Diamond.swift in Sources */ = {isa = PBXBuildFile; fileRef = EB74D9202C43522D00FBA58A /* Diamond.swift */; };
		EB74D92A2C436C2E00FBA58A /* Squiggle.swift in Sources */ = {isa = PBXBuildFile; fileRef = EB74D9292C436C2E00FBA58A /* Squiggle.swift */; };
		EB74D92F2C437E2A00FBA58A /* Oval.swift in Sources */ = {isa = PBXBuildFile; fileRef = EB74D92E2C437E2A00FBA58A /* Oval.swift */; };
		EB74D9352C439D3D00FBA58A /* Card.swift in Sources */ = {isa = PBXBuildFile; fileRef = EB74D9342C439D3D00FBA58A /* Card.swift */; };
		EB74D93A2C43AE9000FBA58A /* SetCardGameViewModel.swift in Sources */ = {isa = PBXBuildFile; fileRef = EB74D9392C43AE9000FBA58A /* SetCardGameViewModel.swift */; };
		EB74D93C2C43AEAB00FBA58A /* SetCardGame.swift in Sources */ = {isa = PBXBuildFile; fileRef = EB74D93B2C43AEAB00FBA58A /* SetCardGame.swift */; };
		EB74D9442C43B78900FBA58A /* SetCardGameTests.swift in Sources */ = {isa = PBXBuildFile; fileRef = EB74D9432C43B78900FBA58A /* SetCardGameTests.swift */; };
		EB74D9502C447A2A00FBA58A /* AnyInsettableShape.swift in Sources */ = {isa = PBXBuildFile; fileRef = EB74D94F2C447A2A00FBA58A /* AnyInsettableShape.swift */; };
/* End PBXBuildFile section */

/* Begin PBXContainerItemProxy section */
		EB74D9452C43B78900FBA58A /* PBXContainerItemProxy */ = {
			isa = PBXContainerItemProxy;
			containerPortal = EB74D8FE2C4342B300FBA58A /* Project object */;
			proxyType = 1;
			remoteGlobalIDString = EB74D9052C4342B300FBA58A;
			remoteInfo = SetCardGame;
		};
/* End PBXContainerItemProxy section */

/* Begin PBXFileReference section */
		EB74D9062C4342B300FBA58A /* SetCardGame.app */ = {isa = PBXFileReference; explicitFileType = wrapper.application; includeInIndex = 0; path = SetCardGame.app; sourceTree = BUILT_PRODUCTS_DIR; };
		EB74D9092C4342B300FBA58A /* SetCardGameApp.swift */ = {isa = PBXFileReference; lastKnownFileType = sourcecode.swift; path = SetCardGameApp.swift; sourceTree = "<group>"; };
		EB74D90B2C4342B300FBA58A /* SetCardGameView.swift */ = {isa = PBXFileReference; lastKnownFileType = sourcecode.swift; path = SetCardGameView.swift; sourceTree = "<group>"; };
		EB74D90D2C4342B400FBA58A /* Assets.xcassets */ = {isa = PBXFileReference; lastKnownFileType = folder.assetcatalog; path = Assets.xcassets; sourceTree = "<group>"; };
		EB74D9102C4342B400FBA58A /* Preview Assets.xcassets */ = {isa = PBXFileReference; lastKnownFileType = folder.assetcatalog; path = "Preview Assets.xcassets"; sourceTree = "<group>"; };
		EB74D91C2C434D5600FBA58A /* CardView.swift */ = {isa = PBXFileReference; lastKnownFileType = sourcecode.swift; path = CardView.swift; sourceTree = "<group>"; };
		EB74D9202C43522D00FBA58A /* Diamond.swift */ = {isa = PBXFileReference; lastKnownFileType = sourcecode.swift; path = Diamond.swift; sourceTree = "<group>"; };
		EB74D9292C436C2E00FBA58A /* Squiggle.swift */ = {isa = PBXFileReference; lastKnownFileType = sourcecode.swift; path = Squiggle.swift; sourceTree = "<group>"; };
		EB74D92E2C437E2A00FBA58A /* Oval.swift */ = {isa = PBXFileReference; lastKnownFileType = sourcecode.swift; path = Oval.swift; sourceTree = "<group>"; };
		EB74D9342C439D3D00FBA58A /* Card.swift */ = {isa = PBXFileReference; lastKnownFileType = sourcecode.swift; path = Card.swift; sourceTree = "<group>"; };
		EB74D9392C43AE9000FBA58A /* SetCardGameViewModel.swift */ = {isa = PBXFileReference; lastKnownFileType = sourcecode.swift; path = SetCardGameViewModel.swift; sourceTree = "<group>"; };
		EB74D93B2C43AEAB00FBA58A /* SetCardGame.swift */ = {isa = PBXFileReference; lastKnownFileType = sourcecode.swift; path = SetCardGame.swift; sourceTree = "<group>"; };
		EB74D9412C43B78800FBA58A /* SetCardGameTests.xctest */ = {isa = PBXFileReference; explicitFileType = wrapper.cfbundle; includeInIndex = 0; path = SetCardGameTests.xctest; sourceTree = BUILT_PRODUCTS_DIR; };
		EB74D9432C43B78900FBA58A /* SetCardGameTests.swift */ = {isa = PBXFileReference; lastKnownFileType = sourcecode.swift; path = SetCardGameTests.swift; sourceTree = "<group>"; };
		EB74D94F2C447A2A00FBA58A /* AnyInsettableShape.swift */ = {isa = PBXFileReference; lastKnownFileType = sourcecode.swift; path = AnyInsettableShape.swift; sourceTree = "<group>"; };
/* End PBXFileReference section */

/* Begin PBXFrameworksBuildPhase section */
		EB74D9032C4342B300FBA58A /* Frameworks */ = {
			isa = PBXFrameworksBuildPhase;
			buildActionMask = 2147483647;
			files = (
			);
			runOnlyForDeploymentPostprocessing = 0;
		};
		EB74D93E2C43B78800FBA58A /* Frameworks */ = {
			isa = PBXFrameworksBuildPhase;
			buildActionMask = 2147483647;
			files = (
			);
			runOnlyForDeploymentPostprocessing = 0;
		};
/* End PBXFrameworksBuildPhase section */

/* Begin PBXGroup section */
		EB74D8FD2C4342B300FBA58A = {
			isa = PBXGroup;
			children = (
				EB74D9082C4342B300FBA58A /* SetCardGame */,
				EB74D9422C43B78900FBA58A /* SetCardGameTests */,
				EB74D9072C4342B300FBA58A /* Products */,
			);
			sourceTree = "<group>";
		};
		EB74D9072C4342B300FBA58A /* Products */ = {
			isa = PBXGroup;
			children = (
				EB74D9062C4342B300FBA58A /* SetCardGame.app */,
				EB74D9412C43B78800FBA58A /* SetCardGameTests.xctest */,
			);
			name = Products;
			sourceTree = "<group>";
		};
		EB74D9082C4342B300FBA58A /* SetCardGame */ = {
			isa = PBXGroup;
			children = (
				EB74D9092C4342B300FBA58A /* SetCardGameApp.swift */,
				EB74D9172C434B5C00FBA58A /* Model */,
				EB74D9182C434B6600FBA58A /* View */,
				EB74D9192C434B6A00FBA58A /* ViewModel */,
				EB74D90D2C4342B400FBA58A /* Assets.xcassets */,
				EB74D90F2C4342B400FBA58A /* Preview Content */,
			);
			path = SetCardGame;
			sourceTree = "<group>";
		};
		EB74D90F2C4342B400FBA58A /* Preview Content */ = {
			isa = PBXGroup;
			children = (
				EB74D9102C4342B400FBA58A /* Preview Assets.xcassets */,
			);
			path = "Preview Content";
			sourceTree = "<group>";
		};
		EB74D9172C434B5C00FBA58A /* Model */ = {
			isa = PBXGroup;
			children = (
				EB74D9342C439D3D00FBA58A /* Card.swift */,
				EB74D93B2C43AEAB00FBA58A /* SetCardGame.swift */,
			);
			path = Model;
			sourceTree = "<group>";
		};
		EB74D9182C434B6600FBA58A /* View */ = {
			isa = PBXGroup;
			children = (
				EB74D90B2C4342B300FBA58A /* SetCardGameView.swift */,
				EB74D92D2C4376A100FBA58A /* Card */,
				EB74D9222C43581A00FBA58A /* Shapes */,
			);
			path = View;
			sourceTree = "<group>";
		};
		EB74D9192C434B6A00FBA58A /* ViewModel */ = {
			isa = PBXGroup;
			children = (
				EB74D9392C43AE9000FBA58A /* SetCardGameViewModel.swift */,
			);
			path = ViewModel;
			sourceTree = "<group>";
		};
		EB74D9222C43581A00FBA58A /* Shapes */ = {
			isa = PBXGroup;
			children = (
				EB74D9202C43522D00FBA58A /* Diamond.swift */,
				EB74D9292C436C2E00FBA58A /* Squiggle.swift */,
				EB74D92E2C437E2A00FBA58A /* Oval.swift */,
				EB74D94F2C447A2A00FBA58A /* AnyInsettableShape.swift */,
			);
			path = Shapes;
			sourceTree = "<group>";
		};
		EB74D92D2C4376A100FBA58A /* Card */ = {
			isa = PBXGroup;
			children = (
				EB74D91C2C434D5600FBA58A /* CardView.swift */,
			);
			path = Card;
			sourceTree = "<group>";
		};
		EB74D9422C43B78900FBA58A /* SetCardGameTests */ = {
			isa = PBXGroup;
			children = (
				EB74D94A2C43B7A000FBA58A /* Model */,
			);
			path = SetCardGameTests;
			sourceTree = "<group>";
		};
		EB74D94A2C43B7A000FBA58A /* Model */ = {
			isa = PBXGroup;
			children = (
				EB74D9432C43B78900FBA58A /* SetCardGameTests.swift */,
			);
			path = Model;
			sourceTree = "<group>";
		};
/* End PBXGroup section */

/* Begin PBXNativeTarget section */
		EB74D9052C4342B300FBA58A /* SetCardGame */ = {
			isa = PBXNativeTarget;
			buildConfigurationList = EB74D9142C4342B400FBA58A /* Build configuration list for PBXNativeTarget "SetCardGame" */;
			buildPhases = (
				EB74D9022C4342B300FBA58A /* Sources */,
				EB74D9032C4342B300FBA58A /* Frameworks */,
				EB74D9042C4342B300FBA58A /* Resources */,
			);
			buildRules = (
			);
			dependencies = (
			);
			name = SetCardGame;
			productName = SetCardGame;
			productReference = EB74D9062C4342B300FBA58A /* SetCardGame.app */;
			productType = "com.apple.product-type.application";
		};
		EB74D9402C43B78800FBA58A /* SetCardGameTests */ = {
			isa = PBXNativeTarget;
			buildConfigurationList = EB74D9472C43B78900FBA58A /* Build configuration list for PBXNativeTarget "SetCardGameTests" */;
			buildPhases = (
				EB74D93D2C43B78800FBA58A /* Sources */,
				EB74D93E2C43B78800FBA58A /* Frameworks */,
				EB74D93F2C43B78800FBA58A /* Resources */,
			);
			buildRules = (
			);
			dependencies = (
				EB74D9462C43B78900FBA58A /* PBXTargetDependency */,
			);
			name = SetCardGameTests;
			productName = SetCardGameTests;
			productReference = EB74D9412C43B78800FBA58A /* SetCardGameTests.xctest */;
			productType = "com.apple.product-type.bundle.unit-test";
		};
/* End PBXNativeTarget section */

/* Begin PBXProject section */
		EB74D8FE2C4342B300FBA58A /* Project object */ = {
			isa = PBXProject;
			attributes = {
				BuildIndependentTargetsInParallel = 1;
				LastSwiftUpdateCheck = 1540;
				LastUpgradeCheck = 1540;
				TargetAttributes = {
					EB74D9052C4342B300FBA58A = {
						CreatedOnToolsVersion = 15.4;
					};
					EB74D9402C43B78800FBA58A = {
						CreatedOnToolsVersion = 15.4;
						TestTargetID = EB74D9052C4342B300FBA58A;
					};
				};
			};
			buildConfigurationList = EB74D9012C4342B300FBA58A /* Build configuration list for PBXProject "SetCardGame" */;
			compatibilityVersion = "Xcode 14.0";
			developmentRegion = en;
			hasScannedForEncodings = 0;
			knownRegions = (
				en,
				Base,
			);
			mainGroup = EB74D8FD2C4342B300FBA58A;
			productRefGroup = EB74D9072C4342B300FBA58A /* Products */;
			projectDirPath = "";
			projectRoot = "";
			targets = (
				EB74D9052C4342B300FBA58A /* SetCardGame */,
				EB74D9402C43B78800FBA58A /* SetCardGameTests */,
			);
		};
/* End PBXProject section */

/* Begin PBXResourcesBuildPhase section */
		EB74D9042C4342B300FBA58A /* Resources */ = {
			isa = PBXResourcesBuildPhase;
			buildActionMask = 2147483647;
			files = (
				EB74D9112C4342B400FBA58A /* Preview Assets.xcassets in Resources */,
				EB74D90E2C4342B400FBA58A /* Assets.xcassets in Resources */,
			);
			runOnlyForDeploymentPostprocessing = 0;
		};
		EB74D93F2C43B78800FBA58A /* Resources */ = {
			isa = PBXResourcesBuildPhase;
			buildActionMask = 2147483647;
			files = (
			);
			runOnlyForDeploymentPostprocessing = 0;
		};
/* End PBXResourcesBuildPhase section */

/* Begin PBXSourcesBuildPhase section */
		EB74D9022C4342B300FBA58A /* Sources */ = {
			isa = PBXSourcesBuildPhase;
			buildActionMask = 2147483647;
			files = (
				EB74D92A2C436C2E00FBA58A /* Squiggle.swift in Sources */,
				EB74D93A2C43AE9000FBA58A /* SetCardGameViewModel.swift in Sources */,
				EB74D9352C439D3D00FBA58A /* Card.swift in Sources */,
				EB74D93C2C43AEAB00FBA58A /* SetCardGame.swift in Sources */,
				EB74D90C2C4342B300FBA58A /* SetCardGameView.swift in Sources */,
				EB74D9502C447A2A00FBA58A /* AnyInsettableShape.swift in Sources */,
				EB74D91D2C434D5600FBA58A /* CardView.swift in Sources */,
				EB74D92F2C437E2A00FBA58A /* Oval.swift in Sources */,
				EB74D90A2C4342B300FBA58A /* SetCardGameApp.swift in Sources */,
				EB74D9212C43522D00FBA58A /* Diamond.swift in Sources */,
			);
			runOnlyForDeploymentPostprocessing = 0;
		};
		EB74D93D2C43B78800FBA58A /* Sources */ = {
			isa = PBXSourcesBuildPhase;
			buildActionMask = 2147483647;
			files = (
				EB74D9442C43B78900FBA58A /* SetCardGameTests.swift in Sources */,
			);
			runOnlyForDeploymentPostprocessing = 0;
		};
/* End PBXSourcesBuildPhase section */

/* Begin PBXTargetDependency section */
		EB74D9462C43B78900FBA58A /* PBXTargetDependency */ = {
			isa = PBXTargetDependency;
			target = EB74D9052C4342B300FBA58A /* SetCardGame */;
			targetProxy = EB74D9452C43B78900FBA58A /* PBXContainerItemProxy */;
		};
/* End PBXTargetDependency section */

/* Begin XCBuildConfiguration section */
		EB74D9122C4342B400FBA58A /* Debug */ = {
			isa = XCBuildConfiguration;
			buildSettings = {
				ALWAYS_SEARCH_USER_PATHS = NO;
				ASSETCATALOG_COMPILER_GENERATE_SWIFT_ASSET_SYMBOL_EXTENSIONS = YES;
				CLANG_ANALYZER_NONNULL = YES;
				CLANG_ANALYZER_NUMBER_OBJECT_CONVERSION = YES_AGGRESSIVE;
				CLANG_CXX_LANGUAGE_STANDARD = "gnu++20";
				CLANG_ENABLE_MODULES = YES;
				CLANG_ENABLE_OBJC_ARC = YES;
				CLANG_ENABLE_OBJC_WEAK = YES;
				CLANG_WARN_BLOCK_CAPTURE_AUTORELEASING = YES;
				CLANG_WARN_BOOL_CONVERSION = YES;
				CLANG_WARN_COMMA = YES;
				CLANG_WARN_CONSTANT_CONVERSION = YES;
				CLANG_WARN_DEPRECATED_OBJC_IMPLEMENTATIONS = YES;
				CLANG_WARN_DIRECT_OBJC_ISA_USAGE = YES_ERROR;
				CLANG_WARN_DOCUMENTATION_COMMENTS = YES;
				CLANG_WARN_EMPTY_BODY = YES;
				CLANG_WARN_ENUM_CONVERSION = YES;
				CLANG_WARN_INFINITE_RECURSION = YES;
				CLANG_WARN_INT_CONVERSION = YES;
				CLANG_WARN_NON_LITERAL_NULL_CONVERSION = YES;
				CLANG_WARN_OBJC_IMPLICIT_RETAIN_SELF = YES;
				CLANG_WARN_OBJC_LITERAL_CONVERSION = YES;
				CLANG_WARN_OBJC_ROOT_CLASS = YES_ERROR;
				CLANG_WARN_QUOTED_INCLUDE_IN_FRAMEWORK_HEADER = YES;
				CLANG_WARN_RANGE_LOOP_ANALYSIS = YES;
				CLANG_WARN_STRICT_PROTOTYPES = YES;
				CLANG_WARN_SUSPICIOUS_MOVE = YES;
				CLANG_WARN_UNGUARDED_AVAILABILITY = YES_AGGRESSIVE;
				CLANG_WARN_UNREACHABLE_CODE = YES;
				CLANG_WARN__DUPLICATE_METHOD_MATCH = YES;
				COPY_PHASE_STRIP = NO;
				DEBUG_INFORMATION_FORMAT = dwarf;
				ENABLE_STRICT_OBJC_MSGSEND = YES;
				ENABLE_TESTABILITY = YES;
				ENABLE_USER_SCRIPT_SANDBOXING = YES;
				GCC_C_LANGUAGE_STANDARD = gnu17;
				GCC_DYNAMIC_NO_PIC = NO;
				GCC_NO_COMMON_BLOCKS = YES;
				GCC_OPTIMIZATION_LEVEL = 0;
				GCC_PREPROCESSOR_DEFINITIONS = (
					"DEBUG=1",
					"$(inherited)",
				);
				GCC_WARN_64_TO_32_BIT_CONVERSION = YES;
				GCC_WARN_ABOUT_RETURN_TYPE = YES_ERROR;
				GCC_WARN_UNDECLARED_SELECTOR = YES;
				GCC_WARN_UNINITIALIZED_AUTOS = YES_AGGRESSIVE;
				GCC_WARN_UNUSED_FUNCTION = YES;
				GCC_WARN_UNUSED_VARIABLE = YES;
				IPHONEOS_DEPLOYMENT_TARGET = 17.5;
				LOCALIZATION_PREFERS_STRING_CATALOGS = YES;
				MTL_ENABLE_DEBUG_INFO = INCLUDE_SOURCE;
				MTL_FAST_MATH = YES;
				ONLY_ACTIVE_ARCH = YES;
				SDKROOT = iphoneos;
				SWIFT_ACTIVE_COMPILATION_CONDITIONS = "DEBUG $(inherited)";
				SWIFT_OPTIMIZATION_LEVEL = "-Onone";
			};
			name = Debug;
		};
		EB74D9132C4342B400FBA58A /* Release */ = {
			isa = XCBuildConfiguration;
			buildSettings = {
				ALWAYS_SEARCH_USER_PATHS = NO;
				ASSETCATALOG_COMPILER_GENERATE_SWIFT_ASSET_SYMBOL_EXTENSIONS = YES;
				CLANG_ANALYZER_NONNULL = YES;
				CLANG_ANALYZER_NUMBER_OBJECT_CONVERSION = YES_AGGRESSIVE;
				CLANG_CXX_LANGUAGE_STANDARD = "gnu++20";
				CLANG_ENABLE_MODULES = YES;
				CLANG_ENABLE_OBJC_ARC = YES;
				CLANG_ENABLE_OBJC_WEAK = YES;
				CLANG_WARN_BLOCK_CAPTURE_AUTORELEASING = YES;
				CLANG_WARN_BOOL_CONVERSION = YES;
				CLANG_WARN_COMMA = YES;
				CLANG_WARN_CONSTANT_CONVERSION = YES;
				CLANG_WARN_DEPRECATED_OBJC_IMPLEMENTATIONS = YES;
				CLANG_WARN_DIRECT_OBJC_ISA_USAGE = YES_ERROR;
				CLANG_WARN_DOCUMENTATION_COMMENTS = YES;
				CLANG_WARN_EMPTY_BODY = YES;
				CLANG_WARN_ENUM_CONVERSION = YES;
				CLANG_WARN_INFINITE_RECURSION = YES;
				CLANG_WARN_INT_CONVERSION = YES;
				CLANG_WARN_NON_LITERAL_NULL_CONVERSION = YES;
				CLANG_WARN_OBJC_IMPLICIT_RETAIN_SELF = YES;
				CLANG_WARN_OBJC_LITERAL_CONVERSION = YES;
				CLANG_WARN_OBJC_ROOT_CLASS = YES_ERROR;
				CLANG_WARN_QUOTED_INCLUDE_IN_FRAMEWORK_HEADER = YES;
				CLANG_WARN_RANGE_LOOP_ANALYSIS = YES;
				CLANG_WARN_STRICT_PROTOTYPES = YES;
				CLANG_WARN_SUSPICIOUS_MOVE = YES;
				CLANG_WARN_UNGUARDED_AVAILABILITY = YES_AGGRESSIVE;
				CLANG_WARN_UNREACHABLE_CODE = YES;
				CLANG_WARN__DUPLICATE_METHOD_MATCH = YES;
				COPY_PHASE_STRIP = NO;
				DEBUG_INFORMATION_FORMAT = "dwarf-with-dsym";
				ENABLE_NS_ASSERTIONS = NO;
				ENABLE_STRICT_OBJC_MSGSEND = YES;
				ENABLE_USER_SCRIPT_SANDBOXING = YES;
				GCC_C_LANGUAGE_STANDARD = gnu17;
				GCC_NO_COMMON_BLOCKS = YES;
				GCC_WARN_64_TO_32_BIT_CONVERSION = YES;
				GCC_WARN_ABOUT_RETURN_TYPE = YES_ERROR;
				GCC_WARN_UNDECLARED_SELECTOR = YES;
				GCC_WARN_UNINITIALIZED_AUTOS = YES_AGGRESSIVE;
				GCC_WARN_UNUSED_FUNCTION = YES;
				GCC_WARN_UNUSED_VARIABLE = YES;
				IPHONEOS_DEPLOYMENT_TARGET = 17.5;
				LOCALIZATION_PREFERS_STRING_CATALOGS = YES;
				MTL_ENABLE_DEBUG_INFO = NO;
				MTL_FAST_MATH = YES;
				SDKROOT = iphoneos;
				SWIFT_COMPILATION_MODE = wholemodule;
				VALIDATE_PRODUCT = YES;
			};
			name = Release;
		};
		EB74D9152C4342B400FBA58A /* Debug */ = {
			isa = XCBuildConfiguration;
			buildSettings = {
				ASSETCATALOG_COMPILER_APPICON_NAME = AppIcon;
				ASSETCATALOG_COMPILER_GLOBAL_ACCENT_COLOR_NAME = AccentColor;
				CODE_SIGN_STYLE = Automatic;
				CURRENT_PROJECT_VERSION = 1;
				DEVELOPMENT_ASSET_PATHS = "\"SetCardGame/Preview Content\"";
				DEVELOPMENT_TEAM = 3D6S8UMR62;
				ENABLE_PREVIEWS = YES;
				GENERATE_INFOPLIST_FILE = YES;
				INFOPLIST_KEY_UIApplicationSceneManifest_Generation = YES;
				INFOPLIST_KEY_UIApplicationSupportsIndirectInputEvents = YES;
				INFOPLIST_KEY_UILaunchScreen_Generation = YES;
				INFOPLIST_KEY_UISupportedInterfaceOrientations_iPad = "UIInterfaceOrientationPortrait UIInterfaceOrientationPortraitUpsideDown UIInterfaceOrientationLandscapeLeft UIInterfaceOrientationLandscapeRight";
				INFOPLIST_KEY_UISupportedInterfaceOrientations_iPhone = "UIInterfaceOrientationPortrait UIInterfaceOrientationLandscapeLeft UIInterfaceOrientationLandscapeRight";
				LD_RUNPATH_SEARCH_PATHS = (
					"$(inherited)",
					"@executable_path/Frameworks",
				);
				MARKETING_VERSION = 1.0;
				PRODUCT_BUNDLE_IDENTIFIER = "com.rachellee.ios-bootcamp.SetCardGame";
				PRODUCT_NAME = "$(TARGET_NAME)";
				SWIFT_EMIT_LOC_STRINGS = YES;
				SWIFT_VERSION = 5.0;
				TARGETED_DEVICE_FAMILY = "1,2";
			};
			name = Debug;
		};
		EB74D9162C4342B400FBA58A /* Release */ = {
			isa = XCBuildConfiguration;
			buildSettings = {
				ASSETCATALOG_COMPILER_APPICON_NAME = AppIcon;
				ASSETCATALOG_COMPILER_GLOBAL_ACCENT_COLOR_NAME = AccentColor;
				CODE_SIGN_STYLE = Automatic;
				CURRENT_PROJECT_VERSION = 1;
				DEVELOPMENT_ASSET_PATHS = "\"SetCardGame/Preview Content\"";
				DEVELOPMENT_TEAM = 3D6S8UMR62;
				ENABLE_PREVIEWS = YES;
				GENERATE_INFOPLIST_FILE = YES;
				INFOPLIST_KEY_UIApplicationSceneManifest_Generation = YES;
				INFOPLIST_KEY_UIApplicationSupportsIndirectInputEvents = YES;
				INFOPLIST_KEY_UILaunchScreen_Generation = YES;
				INFOPLIST_KEY_UISupportedInterfaceOrientations_iPad = "UIInterfaceOrientationPortrait UIInterfaceOrientationPortraitUpsideDown UIInterfaceOrientationLandscapeLeft UIInterfaceOrientationLandscapeRight";
				INFOPLIST_KEY_UISupportedInterfaceOrientations_iPhone = "UIInterfaceOrientationPortrait UIInterfaceOrientationLandscapeLeft UIInterfaceOrientationLandscapeRight";
				LD_RUNPATH_SEARCH_PATHS = (
					"$(inherited)",
					"@executable_path/Frameworks",
				);
				MARKETING_VERSION = 1.0;
				PRODUCT_BUNDLE_IDENTIFIER = "com.rachellee.ios-bootcamp.SetCardGame";
				PRODUCT_NAME = "$(TARGET_NAME)";
				SWIFT_EMIT_LOC_STRINGS = YES;
				SWIFT_VERSION = 5.0;
				TARGETED_DEVICE_FAMILY = "1,2";
			};
			name = Release;
		};
		EB74D9482C43B78900FBA58A /* Debug */ = {
			isa = XCBuildConfiguration;
			buildSettings = {
				BUNDLE_LOADER = "$(TEST_HOST)";
				CODE_SIGN_STYLE = Automatic;
				CURRENT_PROJECT_VERSION = 1;
				DEVELOPMENT_TEAM = 3D6S8UMR62;
				GENERATE_INFOPLIST_FILE = YES;
				MARKETING_VERSION = 1.0;
				PRODUCT_BUNDLE_IDENTIFIER = "com.rachellee.ios-bootcamp.SetCardGameTests";
				PRODUCT_NAME = "$(TARGET_NAME)";
				SWIFT_EMIT_LOC_STRINGS = NO;
				SWIFT_VERSION = 5.0;
				TARGETED_DEVICE_FAMILY = "1,2";
				TEST_HOST = "$(BUILT_PRODUCTS_DIR)/SetCardGame.app/$(BUNDLE_EXECUTABLE_FOLDER_PATH)/SetCardGame";
			};
			name = Debug;
		};
		EB74D9492C43B78900FBA58A /* Release */ = {
			isa = XCBuildConfiguration;
			buildSettings = {
				BUNDLE_LOADER = "$(TEST_HOST)";
				CODE_SIGN_STYLE = Automatic;
				CURRENT_PROJECT_VERSION = 1;
				DEVELOPMENT_TEAM = 3D6S8UMR62;
				GENERATE_INFOPLIST_FILE = YES;
				MARKETING_VERSION = 1.0;
				PRODUCT_BUNDLE_IDENTIFIER = "com.rachellee.ios-bootcamp.SetCardGameTests";
				PRODUCT_NAME = "$(TARGET_NAME)";
				SWIFT_EMIT_LOC_STRINGS = NO;
				SWIFT_VERSION = 5.0;
				TARGETED_DEVICE_FAMILY = "1,2";
				TEST_HOST = "$(BUILT_PRODUCTS_DIR)/SetCardGame.app/$(BUNDLE_EXECUTABLE_FOLDER_PATH)/SetCardGame";
			};
			name = Release;
		};
/* End XCBuildConfiguration section */

/* Begin XCConfigurationList section */
		EB74D9012C4342B300FBA58A /* Build configuration list for PBXProject "SetCardGame" */ = {
			isa = XCConfigurationList;
			buildConfigurations = (
				EB74D9122C4342B400FBA58A /* Debug */,
				EB74D9132C4342B400FBA58A /* Release */,
			);
			defaultConfigurationIsVisible = 0;
			defaultConfigurationName = Release;
		};
		EB74D9142C4342B400FBA58A /* Build configuration list for PBXNativeTarget "SetCardGame" */ = {
			isa = XCConfigurationList;
			buildConfigurations = (
				EB74D9152C4342B400FBA58A /* Debug */,
				EB74D9162C4342B400FBA58A /* Release */,
			);
			defaultConfigurationIsVisible = 0;
			defaultConfigurationName = Release;
		};
		EB74D9472C43B78900FBA58A /* Build configuration list for PBXNativeTarget "SetCardGameTests" */ = {
			isa = XCConfigurationList;
			buildConfigurations = (
				EB74D9482C43B78900FBA58A /* Debug */,
				EB74D9492C43B78900FBA58A /* Release */,
			);
			defaultConfigurationIsVisible = 0;
			defaultConfigurationName = Release;
		};
/* End XCConfigurationList section */
	};
	rootObject = EB74D8FE2C4342B300FBA58A /* Project object */;
}
